
Microsoft Visual Studio Solution File, Format Version 12.00
# Visual Studio 15
VisualStudioVersion = 15.0.28307.106
MinimumVisualStudioVersion = 10.0.40219.1
Project("{8BC9CEB8-8B4A-11D0-8D11-00A0C91BC942}") = "oggmapper", "oggmapper\oggmapper.vcxproj", "{4D879E71-2651-4DE8-BC99-2E9983A9A8F9}"
EndProject
Global
	GlobalSection(SolutionConfigurationPlatforms) = preSolution
		Debug|x64 = Debug|x64
		Debug|x86 = Debug|x86
		Release|x64 = Release|x64
		Release|x86 = Release|x86
	EndGlobalSection
	GlobalSection(ProjectConfigurationPlatforms) = postSolution
		{4D879E71-2651-4DE8-BC99-2E9983A9A8F9}.Debug|x64.ActiveCfg = Debug|x64
		{4D879E71-2651-4DE8-BC99-2E9983A9A8F9}.Debug|x64.Build.0 = Debug|x64
		{4D879E71-2651-4DE8-BC99-2E9983A9A8F9}.Debug|x86.ActiveCfg = Debug|Win32
		{4D879E71-2651-4DE8-BC99-2E9983A9A8F9}.Debug|x86.Build.0 = Debug|Win32
		{4D879E71-2651-4DE8-BC99-2E9983A9A8F9}.Release|x64.ActiveCfg = Release|x64
		{4D879E71-2651-4DE8-BC99-2E9983A9A8F9}.Release|x64.Build.0 = Release|x64
		{4D879E71-2651-4DE8-BC99-2E9983A9A8F9}.Release|x86.ActiveCfg = Release|Win32
		{4D879E71-2651-4DE8-BC99-2E9983A9A8F9}.Release|x86.Build.0 = Release|Win32
	EndGlobalSection
	GlobalSection(SolutionProperties) = preSolution
		HideSolutionNode = FALSE
	EndGlobalSection
	GlobalSection(ExtensibilityGlobals) = postSolution
		SolutionGuid = {0916BC36-19BD-44C7-B3B3-ABE33803EA24}
	EndGlobalSection
EndGlobal
